
Microsoft Visual Studio Solution File, Format Version 12.00
# Visual Studio Version 17
VisualStudioVersion = 17.14.36915.13
MinimumVisualStudioVersion = 10.0.40219.1
Project("{FAE04EC0-301F-11D3-BF4B-00C04F79EFBC}") = "KH.WMS.Core", "KH.WMS.Core\KH.WMS.Core.csproj", "{5CFD11CC-9659-88FD-E2AE-7BA35901BF99}"
EndProject
Project("{FAE04EC0-301F-11D3-BF4B-00C04F79EFBC}") = "KH.WMS.Server", "KH.WMS.Server\KH.WMS.Server.csproj", "{30290226-69D6-B736-0678-A3950D90BAA9}"
EndProject
Project("{2150E333-8FDC-42A3-9474-1A3956D46DE8}") = "Commons", "Commons", "{02EA681E-C7D8-13C7-8484-4AC65E1B71E8}"
EndProject
Project("{2150E333-8FDC-42A3-9474-1A3956D46DE8}") = "Entities", "Entities", "{BDB666C0-1EC8-4111-A97F-D034F4582B4E}"
EndProject
Project("{FAE04EC0-301F-11D3-BF4B-00C04F79EFBC}") = "KH.WMS.Common", "Common\KH.WMS.Common\KH.WMS.Common.csproj", "{FAAC50D0-A5C3-9EAF-DB00-7CE5583285B4}"
EndProject
Project("{FAE04EC0-301F-11D3-BF4B-00C04F79EFBC}") = "KH.WMS.Entities", "Entities\KH.WMS.Entities\KH.WMS.Entities.csproj", "{56AECE98-8008-4295-A1EA-ED44D147D842}"
EndProject
Project("{2150E333-8FDC-42A3-9474-1A3956D46DE8}") = "Algorithms", "Algorithms", "{A7E4F24A-7627-478B-A512-25D8098052E0}"
EndProject
Project("{2150E333-8FDC-42A3-9474-1A3956D46DE8}") = "Modules", "Modules", "{393A49DD-AC67-49FB-8D71-DB6AC21D1BA4}"
EndProject
Project("{FAE04EC0-301F-11D3-BF4B-00C04F79EFBC}") = "KH.WMS.Algorithms", "Algorithms\KH.WMS.Algorithms\KH.WMS.Algorithms.csproj", "{1409C075-A270-4875-9539-678754326AF2}"
EndProject
Project("{2150E333-8FDC-42A3-9474-1A3956D46DE8}") = "InboundModule", "InboundModule", "{E70219BC-7137-4EED-B5C9-4F630C24B7B6}"
EndProject
Project("{FAE04EC0-301F-11D3-BF4B-00C04F79EFBC}") = "KH.WMS.Modules.InboundModule", "Modules\InboundModule\KH.WMS.Modules.InboundModule\KH.WMS.Modules.InboundModule.csproj", "{037C3923-F66C-4D0D-9215-9B94912C84A3}"
EndProject
Project("{2150E333-8FDC-42A3-9474-1A3956D46DE8}") = "SystemModule", "SystemModule", "{8222051B-5E06-4B17-BE38-26E4F3A66CF4}"
EndProject
Project("{FAE04EC0-301F-11D3-BF4B-00C04F79EFBC}") = "KH.WMS.Modules.SystemModule", "Modules\SystemModule\KH.WMS.Modules.SystemModule\KH.WMS.Modules.SystemModule.csproj", "{AA5FA3F5-D9AD-42B0-B2E9-180D1D2DA899}"
EndProject
Project("{2150E333-8FDC-42A3-9474-1A3956D46DE8}") = "WarehouseModule", "WarehouseModule", "{BCB05586-E11B-452C-9B6B-F33B49891F51}"
EndProject
Project("{FAE04EC0-301F-11D3-BF4B-00C04F79EFBC}") = "KH.WMS.Modules.WarehouseModule", "Modules\WarehouseModule\KH.WMS.Modules.WarehouseModule\KH.WMS.Modules.WarehouseModule.csproj", "{DA32C0F3-9A1F-4867-9037-61EEFE0CDA3F}"
EndProject
Project("{2150E333-8FDC-42A3-9474-1A3956D46DE8}") = "BaseDataModule", "BaseDataModule", "{CE183D7E-8DDF-4B52-8D94-F7E3CC03717F}"
EndProject
Project("{FAE04EC0-301F-11D3-BF4B-00C04F79EFBC}") = "KH.WMS.Modules.BaseDataModule", "Modules\BaseDataModule\KH.WMS.Modules.BaseDataModule\KH.WMS.Modules.BaseDataModule.csproj", "{7009FA60-1751-453E-9162-7EEC680C13CC}"
EndProject
Project("{2150E333-8FDC-42A3-9474-1A3956D46DE8}") = "OutboundModule", "OutboundModule", "{3367768B-5ACD-421D-9BE5-E9114CDD87B4}"
EndProject
Project("{FAE04EC0-301F-11D3-BF4B-00C04F79EFBC}") = "KH.WMS.Modules.OutboundModule", "Modules\OutboundModule\KH.WMS.Modules.OutboundModule\KH.WMS.Modules.OutboundModule.csproj", "{D2A4302B-9B13-422B-8624-72B1327BD090}"
EndProject
Project("{2150E333-8FDC-42A3-9474-1A3956D46DE8}") = "InventoryModule", "InventoryModule", "{07E4C7AF-A536-4098-90F7-CD107D6E0375}"
EndProject
Project("{FAE04EC0-301F-11D3-BF4B-00C04F79EFBC}") = "KH.WMS.Modules.InventoryModule", "Modules\InventoryModule\KH.WMS.Modules.InventoryModule\KH.WMS.Modules.InventoryModule.csproj", "{093640B6-24DC-4A1C-98C6-DDED36B1E441}"
EndProject
Project("{2150E333-8FDC-42A3-9474-1A3956D46DE8}") = "TaskModule", "TaskModule", "{E2B3EEBE-FF1C-415B-B331-FD7982AA925F}"
EndProject
Project("{FAE04EC0-301F-11D3-BF4B-00C04F79EFBC}") = "KH.WMS.Modules.TaskModule", "Modules\TaskModule\KH.WMS.Modules.TaskModule\KH.WMS.Modules.TaskModule.csproj", "{195B992D-BDA9-4A8F-9490-EDFC7E914A8D}"
EndProject
Project("{2150E333-8FDC-42A3-9474-1A3956D46DE8}") = "Contracts", "Contracts", "{A73F2606-6D4C-3EEE-1759-0E59DCFEF523}"
EndProject
Project("{FAE04EC0-301F-11D3-BF4B-00C04F79EFBC}") = "KH.WMS.Contracts", "Contracts\KH.WMS.Contracts\KH.WMS.Contracts.csproj", "{11479921-4392-4A01-A79D-6702B397312A}"
EndProject
Project("{FAE04EC0-301F-11D3-BF4B-00C04F79EFBC}") = "KH.WMS.QuartzJob", "KH.WMS.QuartzJob\KH.WMS.QuartzJob.csproj", "{342798D3-89F0-4658-0AAE-6BAC859D60A1}"
EndProject
Project("{FAE04EC0-301F-11D3-BF4B-00C04F79EFBC}") = "KH.WMS.Modules.DashboardModule", "Modules\DashboardModule\KH.WMS.Modules.DashboardModule\KH.WMS.Modules.DashboardModule.csproj", "{D1C34101-43D0-4D79-AAC0-F064A4AE71E4}"
EndProject
Project("{2150E333-8FDC-42A3-9474-1A3956D46DE8}") = "DashboardModule", "DashboardModule", "{1B0063DC-207C-4FF2-9F6A-902E675D6B64}"
EndProject
Project("{2150E333-8FDC-42A3-9474-1A3956D46DE8}") = "Config", "Config", "{1AD244E0-696C-4A2A-31B1-1832C4FA60E4}"
EndProject
Project("{FAE04EC0-301F-11D3-BF4B-00C04F79EFBC}") = "KH.WMS.Config", "Config\KH.WMS.Config\KH.WMS.Config.csproj", "{0C697F60-32B7-4DAB-9D29-D36A36F37D20}"
EndProject
Project("{FAE04EC0-301F-11D3-BF4B-00C04F79EFBC}") = "KH.WMS.Modules.TrainingModule", "Modules\TrainingModule\KH.WMS.Modules.TrainingModule\KH.WMS.Modules.TrainingModule.csproj", "{B61374C7-B267-4B33-9DA7-01D44807E70B}"
EndProject
Project("{2150E333-8FDC-42A3-9474-1A3956D46DE8}") = "TrainingModule", "TrainingModule", "{E7DB0B9C-9F58-4F02-BECA-98FE3FDDC93B}"
EndProject
Global
	GlobalSection(SolutionConfigurationPlatforms) = preSolution
		Debug|Any CPU = Debug|Any CPU
		Debug|x64 = Debug|x64
		Debug|x86 = Debug|x86
		Release|Any CPU = Release|Any CPU
		Release|x64 = Release|x64
		Release|x86 = Release|x86
	EndGlobalSection
	GlobalSection(ProjectConfigurationPlatforms) = postSolution
		{5CFD11CC-9659-88FD-E2AE-7BA35901BF99}.Debug|Any CPU.ActiveCfg = Debug|Any CPU
		{5CFD11CC-9659-88FD-E2AE-7BA35901BF99}.Debug|Any CPU.Build.0 = Debug|Any CPU
		{5CFD11CC-9659-88FD-E2AE-7BA35901BF99}.Debug|x64.ActiveCfg = Debug|Any CPU
		{5CFD11CC-9659-88FD-E2AE-7BA35901BF99}.Debug|x64.Build.0 = Debug|Any CPU
		{5CFD11CC-9659-88FD-E2AE-7BA35901BF99}.Debug|x86.ActiveCfg = Debug|Any CPU
		{5CFD11CC-9659-88FD-E2AE-7BA35901BF99}.Debug|x86.Build.0 = Debug|Any CPU
		{5CFD11CC-9659-88FD-E2AE-7BA35901BF99}.Release|Any CPU.ActiveCfg = Release|Any CPU
		{5CFD11CC-9659-88FD-E2AE-7BA35901BF99}.Release|Any CPU.Build.0 = Release|Any CPU
		{5CFD11CC-9659-88FD-E2AE-7BA35901BF99}.Release|x64.ActiveCfg = Release|Any CPU
		{5CFD11CC-9659-88FD-E2AE-7BA35901BF99}.Release|x64.Build.0 = Release|Any CPU
		{5CFD11CC-9659-88FD-E2AE-7BA35901BF99}.Release|x86.ActiveCfg = Release|Any CPU
		{5CFD11CC-9659-88FD-E2AE-7BA35901BF99}.Release|x86.Build.0 = Release|Any CPU
		{30290226-69D6-B736-0678-A3950D90BAA9}.Debug|Any CPU.ActiveCfg = Debug|Any CPU
		{30290226-69D6-B736-0678-A3950D90BAA9}.Debug|Any CPU.Build.0 = Debug|Any CPU
		{30290226-69D6-B736-0678-A3950D90BAA9}.Debug|x64.ActiveCfg = Debug|Any CPU
		{30290226-69D6-B736-0678-A3950D90BAA9}.Debug|x64.Build.0 = Debug|Any CPU
		{30290226-69D6-B736-0678-A3950D90BAA9}.Debug|x86.ActiveCfg = Debug|Any CPU
		{30290226-69D6-B736-0678-A3950D90BAA9}.Debug|x86.Build.0 = Debug|Any CPU
		{30290226-69D6-B736-0678-A3950D90BAA9}.Release|Any CPU.ActiveCfg = Release|Any CPU
		{30290226-69D6-B736-0678-A3950D90BAA9}.Release|Any CPU.Build.0 = Release|Any CPU
		{30290226-69D6-B736-0678-A3950D90BAA9}.Release|x64.ActiveCfg = Release|Any CPU
		{30290226-69D6-B736-0678-A3950D90BAA9}.Release|x64.Build.0 = Release|Any CPU
		{30290226-69D6-B736-0678-A3950D90BAA9}.Release|x86.ActiveCfg = Release|Any CPU
		{30290226-69D6-B736-0678-A3950D90BAA9}.Release|x86.Build.0 = Release|Any CPU
		{FAAC50D0-A5C3-9EAF-DB00-7CE5583285B4}.Debug|Any CPU.ActiveCfg = Debug|Any CPU
		{FAAC50D0-A5C3-9EAF-DB00-7CE5583285B4}.Debug|Any CPU.Build.0 = Debug|Any CPU
		{FAAC50D0-A5C3-9EAF-DB00-7CE5583285B4}.Debug|x64.ActiveCfg = Debug|Any CPU
		{FAAC50D0-A5C3-9EAF-DB00-7CE5583285B4}.Debug|x64.Build.0 = Debug|Any CPU
		{FAAC50D0-A5C3-9EAF-DB00-7CE5583285B4}.Debug|x86.ActiveCfg = Debug|Any CPU
		{FAAC50D0-A5C3-9EAF-DB00-7CE5583285B4}.Debug|x86.Build.0 = Debug|Any CPU
		{FAAC50D0-A5C3-9EAF-DB00-7CE5583285B4}.Release|Any CPU.ActiveCfg = Release|Any CPU
		{FAAC50D0-A5C3-9EAF-DB00-7CE5583285B4}.Release|Any CPU.Build.0 = Release|Any CPU
		{FAAC50D0-A5C3-9EAF-DB00-7CE5583285B4}.Release|x64.ActiveCfg = Release|Any CPU
		{FAAC50D0-A5C3-9EAF-DB00-7CE5583285B4}.Release|x64.Build.0 = Release|Any CPU
		{FAAC50D0-A5C3-9EAF-DB00-7CE5583285B4}.Release|x86.ActiveCfg = Release|Any CPU
		{FAAC50D0-A5C3-9EAF-DB00-7CE5583285B4}.Release|x86.Build.0 = Release|Any CPU
		{56AECE98-8008-4295-A1EA-ED44D147D842}.Debug|Any CPU.ActiveCfg = Debug|Any CPU
		{56AECE98-8008-4295-A1EA-ED44D147D842}.Debug|Any CPU.Build.0 = Debug|Any CPU
		{56AECE98-8008-4295-A1EA-ED44D147D842}.Debug|x64.ActiveCfg = Debug|Any CPU
		{56AECE98-8008-4295-A1EA-ED44D147D842}.Debug|x64.Build.0 = Debug|Any CPU
		{56AECE98-8008-4295-A1EA-ED44D147D842}.Debug|x86.ActiveCfg = Debug|Any CPU
		{56AECE98-8008-4295-A1EA-ED44D147D842}.Debug|x86.Build.0 = Debug|Any CPU
		{56AECE98-8008-4295-A1EA-ED44D147D842}.Release|Any CPU.ActiveCfg = Release|Any CPU
		{56AECE98-8008-4295-A1EA-ED44D147D842}.Release|Any CPU.Build.0 = Release|Any CPU
		{56AECE98-8008-4295-A1EA-ED44D147D842}.Release|x64.ActiveCfg = Release|Any CPU
		{56AECE98-8008-4295-A1EA-ED44D147D842}.Release|x64.Build.0 = Release|Any CPU
		{56AECE98-8008-4295-A1EA-ED44D147D842}.Release|x86.ActiveCfg = Release|Any CPU
		{56AECE98-8008-4295-A1EA-ED44D147D842}.Release|x86.Build.0 = Release|Any CPU
		{1409C075-A270-4875-9539-678754326AF2}.Debug|Any CPU.ActiveCfg = Debug|Any CPU
		{1409C075-A270-4875-9539-678754326AF2}.Debug|Any CPU.Build.0 = Debug|Any CPU
		{1409C075-A270-4875-9539-678754326AF2}.Debug|x64.ActiveCfg = Debug|Any CPU
		{1409C075-A270-4875-9539-678754326AF2}.Debug|x64.Build.0 = Debug|Any CPU
		{1409C075-A270-4875-9539-678754326AF2}.Debug|x86.ActiveCfg = Debug|Any CPU
		{1409C075-A270-4875-9539-678754326AF2}.Debug|x86.Build.0 = Debug|Any CPU
		{1409C075-A270-4875-9539-678754326AF2}.Release|Any CPU.ActiveCfg = Release|Any CPU
		{1409C075-A270-4875-9539-678754326AF2}.Release|Any CPU.Build.0 = Release|Any CPU
		{1409C075-A270-4875-9539-678754326AF2}.Release|x64.ActiveCfg = Release|Any CPU
		{1409C075-A270-4875-9539-678754326AF2}.Release|x64.Build.0 = Release|Any CPU
		{1409C075-A270-4875-9539-678754326AF2}.Release|x86.ActiveCfg = Release|Any CPU
		{1409C075-A270-4875-9539-678754326AF2}.Release|x86.Build.0 = Release|Any CPU
		{037C3923-F66C-4D0D-9215-9B94912C84A3}.Debug|Any CPU.ActiveCfg = Debug|Any CPU
		{037C3923-F66C-4D0D-9215-9B94912C84A3}.Debug|Any CPU.Build.0 = Debug|Any CPU
		{037C3923-F66C-4D0D-9215-9B94912C84A3}.Debug|x64.ActiveCfg = Debug|Any CPU
		{037C3923-F66C-4D0D-9215-9B94912C84A3}.Debug|x64.Build.0 = Debug|Any CPU
		{037C3923-F66C-4D0D-9215-9B94912C84A3}.Debug|x86.ActiveCfg = Debug|Any CPU
		{037C3923-F66C-4D0D-9215-9B94912C84A3}.Debug|x86.Build.0 = Debug|Any CPU
		{037C3923-F66C-4D0D-9215-9B94912C84A3}.Release|Any CPU.ActiveCfg = Release|Any CPU
		{037C3923-F66C-4D0D-9215-9B94912C84A3}.Release|Any CPU.Build.0 = Release|Any CPU
		{037C3923-F66C-4D0D-9215-9B94912C84A3}.Release|x64.ActiveCfg = Release|Any CPU
		{037C3923-F66C-4D0D-9215-9B94912C84A3}.Release|x64.Build.0 = Release|Any CPU
		{037C3923-F66C-4D0D-9215-9B94912C84A3}.Release|x86.ActiveCfg = Release|Any CPU
		{037C3923-F66C-4D0D-9215-9B94912C84A3}.Release|x86.Build.0 = Release|Any CPU
		{AA5FA3F5-D9AD-42B0-B2E9-180D1D2DA899}.Debug|Any CPU.ActiveCfg = Debug|Any CPU
		{AA5FA3F5-D9AD-42B0-B2E9-180D1D2DA899}.Debug|Any CPU.Build.0 = Debug|Any CPU
		{AA5FA3F5-D9AD-42B0-B2E9-180D1D2DA899}.Debug|x64.ActiveCfg = Debug|Any CPU
		{AA5FA3F5-D9AD-42B0-B2E9-180D1D2DA899}.Debug|x64.Build.0 = Debug|Any CPU
		{AA5FA3F5-D9AD-42B0-B2E9-180D1D2DA899}.Debug|x86.ActiveCfg = Debug|Any CPU
		{AA5FA3F5-D9AD-42B0-B2E9-180D1D2DA899}.Debug|x86.Build.0 = Debug|Any CPU
		{AA5FA3F5-D9AD-42B0-B2E9-180D1D2DA899}.Release|Any CPU.ActiveCfg = Release|Any CPU
		{AA5FA3F5-D9AD-42B0-B2E9-180D1D2DA899}.Release|Any CPU.Build.0 = Release|Any CPU
		{AA5FA3F5-D9AD-42B0-B2E9-180D1D2DA899}.Release|x64.ActiveCfg = Release|Any CPU
		{AA5FA3F5-D9AD-42B0-B2E9-180D1D2DA899}.Release|x64.Build.0 = Release|Any CPU
		{AA5FA3F5-D9AD-42B0-B2E9-180D1D2DA899}.Release|x86.ActiveCfg = Release|Any CPU
		{AA5FA3F5-D9AD-42B0-B2E9-180D1D2DA899}.Release|x86.Build.0 = Release|Any CPU
		{DA32C0F3-9A1F-4867-9037-61EEFE0CDA3F}.Debug|Any CPU.ActiveCfg = Debug|Any CPU
		{DA32C0F3-9A1F-4867-9037-61EEFE0CDA3F}.Debug|Any CPU.Build.0 = Debug|Any CPU
		{DA32C0F3-9A1F-4867-9037-61EEFE0CDA3F}.Debug|x64.ActiveCfg = Debug|Any CPU
		{DA32C0F3-9A1F-4867-9037-61EEFE0CDA3F}.Debug|x64.Build.0 = Debug|Any CPU
		{DA32C0F3-9A1F-4867-9037-61EEFE0CDA3F}.Debug|x86.ActiveCfg = Debug|Any CPU
		{DA32C0F3-9A1F-4867-9037-61EEFE0CDA3F}.Debug|x86.Build.0 = Debug|Any CPU
		{DA32C0F3-9A1F-4867-9037-61EEFE0CDA3F}.Release|Any CPU.ActiveCfg = Release|Any CPU
		{DA32C0F3-9A1F-4867-9037-61EEFE0CDA3F}.Release|Any CPU.Build.0 = Release|Any CPU
		{DA32C0F3-9A1F-4867-9037-61EEFE0CDA3F}.Release|x64.ActiveCfg = Release|Any CPU
		{DA32C0F3-9A1F-4867-9037-61EEFE0CDA3F}.Release|x64.Build.0 = Release|Any CPU
		{DA32C0F3-9A1F-4867-9037-61EEFE0CDA3F}.Release|x86.ActiveCfg = Release|Any CPU
		{DA32C0F3-9A1F-4867-9037-61EEFE0CDA3F}.Release|x86.Build.0 = Release|Any CPU
		{7009FA60-1751-453E-9162-7EEC680C13CC}.Debug|Any CPU.ActiveCfg = Debug|Any CPU
		{7009FA60-1751-453E-9162-7EEC680C13CC}.Debug|Any CPU.Build.0 = Debug|Any CPU
		{7009FA60-1751-453E-9162-7EEC680C13CC}.Debug|x64.ActiveCfg = Debug|Any CPU
		{7009FA60-1751-453E-9162-7EEC680C13CC}.Debug|x64.Build.0 = Debug|Any CPU
		{7009FA60-1751-453E-9162-7EEC680C13CC}.Debug|x86.ActiveCfg = Debug|Any CPU
		{7009FA60-1751-453E-9162-7EEC680C13CC}.Debug|x86.Build.0 = Debug|Any CPU
		{7009FA60-1751-453E-9162-7EEC680C13CC}.Release|Any CPU.ActiveCfg = Release|Any CPU
		{7009FA60-1751-453E-9162-7EEC680C13CC}.Release|Any CPU.Build.0 = Release|Any CPU
		{7009FA60-1751-453E-9162-7EEC680C13CC}.Release|x64.ActiveCfg = Release|Any CPU
		{7009FA60-1751-453E-9162-7EEC680C13CC}.Release|x64.Build.0 = Release|Any CPU
		{7009FA60-1751-453E-9162-7EEC680C13CC}.Release|x86.ActiveCfg = Release|Any CPU
		{7009FA60-1751-453E-9162-7EEC680C13CC}.Release|x86.Build.0 = Release|Any CPU
		{D2A4302B-9B13-422B-8624-72B1327BD090}.Debug|Any CPU.ActiveCfg = Debug|Any CPU
		{D2A4302B-9B13-422B-8624-72B1327BD090}.Debug|Any CPU.Build.0 = Debug|Any CPU
		{D2A4302B-9B13-422B-8624-72B1327BD090}.Debug|x64.ActiveCfg = Debug|Any CPU
		{D2A4302B-9B13-422B-8624-72B1327BD090}.Debug|x64.Build.0 = Debug|Any CPU
		{D2A4302B-9B13-422B-8624-72B1327BD090}.Debug|x86.ActiveCfg = Debug|Any CPU
		{D2A4302B-9B13-422B-8624-72B1327BD090}.Debug|x86.Build.0 = Debug|Any CPU
		{D2A4302B-9B13-422B-8624-72B1327BD090}.Release|Any CPU.ActiveCfg = Release|Any CPU
		{D2A4302B-9B13-422B-8624-72B1327BD090}.Release|Any CPU.Build.0 = Release|Any CPU
		{D2A4302B-9B13-422B-8624-72B1327BD090}.Release|x64.ActiveCfg = Release|Any CPU
		{D2A4302B-9B13-422B-8624-72B1327BD090}.Release|x64.Build.0 = Release|Any CPU
		{D2A4302B-9B13-422B-8624-72B1327BD090}.Release|x86.ActiveCfg = Release|Any CPU
		{D2A4302B-9B13-422B-8624-72B1327BD090}.Release|x86.Build.0 = Release|Any CPU
		{093640B6-24DC-4A1C-98C6-DDED36B1E441}.Debug|Any CPU.ActiveCfg = Debug|Any CPU
		{093640B6-24DC-4A1C-98C6-DDED36B1E441}.Debug|Any CPU.Build.0 = Debug|Any CPU
		{093640B6-24DC-4A1C-98C6-DDED36B1E441}.Debug|x64.ActiveCfg = Debug|Any CPU
		{093640B6-24DC-4A1C-98C6-DDED36B1E441}.Debug|x64.Build.0 = Debug|Any CPU
		{093640B6-24DC-4A1C-98C6-DDED36B1E441}.Debug|x86.ActiveCfg = Debug|Any CPU
		{093640B6-24DC-4A1C-98C6-DDED36B1E441}.Debug|x86.Build.0 = Debug|Any CPU
		{093640B6-24DC-4A1C-98C6-DDED36B1E441}.Release|Any CPU.ActiveCfg = Release|Any CPU
		{093640B6-24DC-4A1C-98C6-DDED36B1E441}.Release|Any CPU.Build.0 = Release|Any CPU
		{093640B6-24DC-4A1C-98C6-DDED36B1E441}.Release|x64.ActiveCfg = Release|Any CPU
		{093640B6-24DC-4A1C-98C6-DDED36B1E441}.Release|x64.Build.0 = Release|Any CPU
		{093640B6-24DC-4A1C-98C6-DDED36B1E441}.Release|x86.ActiveCfg = Release|Any CPU
		{093640B6-24DC-4A1C-98C6-DDED36B1E441}.Release|x86.Build.0 = Release|Any CPU
		{195B992D-BDA9-4A8F-9490-EDFC7E914A8D}.Debug|Any CPU.ActiveCfg = Debug|Any CPU
		{195B992D-BDA9-4A8F-9490-EDFC7E914A8D}.Debug|Any CPU.Build.0 = Debug|Any CPU
		{195B992D-BDA9-4A8F-9490-EDFC7E914A8D}.Debug|x64.ActiveCfg = Debug|Any CPU
		{195B992D-BDA9-4A8F-9490-EDFC7E914A8D}.Debug|x64.Build.0 = Debug|Any CPU
		{195B992D-BDA9-4A8F-9490-EDFC7E914A8D}.Debug|x86.ActiveCfg = Debug|Any CPU
		{195B992D-BDA9-4A8F-9490-EDFC7E914A8D}.Debug|x86.Build.0 = Debug|Any CPU
		{195B992D-BDA9-4A8F-9490-EDFC7E914A8D}.Release|Any CPU.ActiveCfg = Release|Any CPU
		{195B992D-BDA9-4A8F-9490-EDFC7E914A8D}.Release|Any CPU.Build.0 = Release|Any CPU
		{195B992D-BDA9-4A8F-9490-EDFC7E914A8D}.Release|x64.ActiveCfg = Release|Any CPU
		{195B992D-BDA9-4A8F-9490-EDFC7E914A8D}.Release|x64.Build.0 = Release|Any CPU
		{195B992D-BDA9-4A8F-9490-EDFC7E914A8D}.Release|x86.ActiveCfg = Release|Any CPU
		{195B992D-BDA9-4A8F-9490-EDFC7E914A8D}.Release|x86.Build.0 = Release|Any CPU
		{11479921-4392-4A01-A79D-6702B397312A}.Debug|Any CPU.ActiveCfg = Debug|Any CPU
		{11479921-4392-4A01-A79D-6702B397312A}.Debug|Any CPU.Build.0 = Debug|Any CPU
		{11479921-4392-4A01-A79D-6702B397312A}.Debug|x64.ActiveCfg = Debug|Any CPU
		{11479921-4392-4A01-A79D-6702B397312A}.Debug|x64.Build.0 = Debug|Any CPU
		{11479921-4392-4A01-A79D-6702B397312A}.Debug|x86.ActiveCfg = Debug|Any CPU
		{11479921-4392-4A01-A79D-6702B397312A}.Debug|x86.Build.0 = Debug|Any CPU
		{11479921-4392-4A01-A79D-6702B397312A}.Release|Any CPU.ActiveCfg = Release|Any CPU
		{11479921-4392-4A01-A79D-6702B397312A}.Release|Any CPU.Build.0 = Release|Any CPU
		{11479921-4392-4A01-A79D-6702B397312A}.Release|x64.ActiveCfg = Release|Any CPU
		{11479921-4392-4A01-A79D-6702B397312A}.Release|x64.Build.0 = Release|Any CPU
		{11479921-4392-4A01-A79D-6702B397312A}.Release|x86.ActiveCfg = Release|Any CPU
		{11479921-4392-4A01-A79D-6702B397312A}.Release|x86.Build.0 = Release|Any CPU
		{342798D3-89F0-4658-0AAE-6BAC859D60A1}.Debug|Any CPU.ActiveCfg = Debug|Any CPU
		{342798D3-89F0-4658-0AAE-6BAC859D60A1}.Debug|Any CPU.Build.0 = Debug|Any CPU
		{342798D3-89F0-4658-0AAE-6BAC859D60A1}.Debug|x64.ActiveCfg = Debug|Any CPU
		{342798D3-89F0-4658-0AAE-6BAC859D60A1}.Debug|x64.Build.0 = Debug|Any CPU
		{342798D3-89F0-4658-0AAE-6BAC859D60A1}.Debug|x86.ActiveCfg = Debug|Any CPU
		{342798D3-89F0-4658-0AAE-6BAC859D60A1}.Debug|x86.Build.0 = Debug|Any CPU
		{342798D3-89F0-4658-0AAE-6BAC859D60A1}.Release|Any CPU.ActiveCfg = Release|Any CPU
		{342798D3-89F0-4658-0AAE-6BAC859D60A1}.Release|Any CPU.Build.0 = Release|Any CPU
		{342798D3-89F0-4658-0AAE-6BAC859D60A1}.Release|x64.ActiveCfg = Release|Any CPU
		{342798D3-89F0-4658-0AAE-6BAC859D60A1}.Release|x64.Build.0 = Release|Any CPU
		{342798D3-89F0-4658-0AAE-6BAC859D60A1}.Release|x86.ActiveCfg = Release|Any CPU
		{342798D3-89F0-4658-0AAE-6BAC859D60A1}.Release|x86.Build.0 = Release|Any CPU
		{D1C34101-43D0-4D79-AAC0-F064A4AE71E4}.Debug|Any CPU.ActiveCfg = Debug|Any CPU
		{D1C34101-43D0-4D79-AAC0-F064A4AE71E4}.Debug|Any CPU.Build.0 = Debug|Any CPU
		{D1C34101-43D0-4D79-AAC0-F064A4AE71E4}.Debug|x64.ActiveCfg = Debug|Any CPU
		{D1C34101-43D0-4D79-AAC0-F064A4AE71E4}.Debug|x64.Build.0 = Debug|Any CPU
		{D1C34101-43D0-4D79-AAC0-F064A4AE71E4}.Debug|x86.ActiveCfg = Debug|Any CPU
		{D1C34101-43D0-4D79-AAC0-F064A4AE71E4}.Debug|x86.Build.0 = Debug|Any CPU
		{D1C34101-43D0-4D79-AAC0-F064A4AE71E4}.Release|Any CPU.ActiveCfg = Release|Any CPU
		{D1C34101-43D0-4D79-AAC0-F064A4AE71E4}.Release|Any CPU.Build.0 = Release|Any CPU
		{D1C34101-43D0-4D79-AAC0-F064A4AE71E4}.Release|x64.ActiveCfg = Release|Any CPU
		{D1C34101-43D0-4D79-AAC0-F064A4AE71E4}.Release|x64.Build.0 = Release|Any CPU
		{D1C34101-43D0-4D79-AAC0-F064A4AE71E4}.Release|x86.ActiveCfg = Release|Any CPU
		{D1C34101-43D0-4D79-AAC0-F064A4AE71E4}.Release|x86.Build.0 = Release|Any CPU
		{0C697F60-32B7-4DAB-9D29-D36A36F37D20}.Debug|Any CPU.ActiveCfg = Debug|Any CPU
		{0C697F60-32B7-4DAB-9D29-D36A36F37D20}.Debug|Any CPU.Build.0 = Debug|Any CPU
		{0C697F60-32B7-4DAB-9D29-D36A36F37D20}.Debug|x64.ActiveCfg = Debug|Any CPU
		{0C697F60-32B7-4DAB-9D29-D36A36F37D20}.Debug|x64.Build.0 = Debug|Any CPU
		{0C697F60-32B7-4DAB-9D29-D36A36F37D20}.Debug|x86.ActiveCfg = Debug|Any CPU
		{0C697F60-32B7-4DAB-9D29-D36A36F37D20}.Debug|x86.Build.0 = Debug|Any CPU
		{0C697F60-32B7-4DAB-9D29-D36A36F37D20}.Release|Any CPU.ActiveCfg = Release|Any CPU
		{0C697F60-32B7-4DAB-9D29-D36A36F37D20}.Release|Any CPU.Build.0 = Release|Any CPU
		{0C697F60-32B7-4DAB-9D29-D36A36F37D20}.Release|x64.ActiveCfg = Release|Any CPU
		{0C697F60-32B7-4DAB-9D29-D36A36F37D20}.Release|x64.Build.0 = Release|Any CPU
		{0C697F60-32B7-4DAB-9D29-D36A36F37D20}.Release|x86.ActiveCfg = Release|Any CPU
		{0C697F60-32B7-4DAB-9D29-D36A36F37D20}.Release|x86.Build.0 = Release|Any CPU
		{B61374C7-B267-4B33-9DA7-01D44807E70B}.Debug|Any CPU.ActiveCfg = Debug|Any CPU
		{B61374C7-B267-4B33-9DA7-01D44807E70B}.Debug|Any CPU.Build.0 = Debug|Any CPU
		{B61374C7-B267-4B33-9DA7-01D44807E70B}.Debug|x64.ActiveCfg = Debug|Any CPU
		{B61374C7-B267-4B33-9DA7-01D44807E70B}.Debug|x64.Build.0 = Debug|Any CPU
		{B61374C7-B267-4B33-9DA7-01D44807E70B}.Debug|x86.ActiveCfg = Debug|Any CPU
		{B61374C7-B267-4B33-9DA7-01D44807E70B}.Debug|x86.Build.0 = Debug|Any CPU
		{B61374C7-B267-4B33-9DA7-01D44807E70B}.Release|Any CPU.ActiveCfg = Release|Any CPU
		{B61374C7-B267-4B33-9DA7-01D44807E70B}.Release|Any CPU.Build.0 = Release|Any CPU
		{B61374C7-B267-4B33-9DA7-01D44807E70B}.Release|x64.ActiveCfg = Release|Any CPU
		{B61374C7-B267-4B33-9DA7-01D44807E70B}.Release|x64.Build.0 = Release|Any CPU
		{B61374C7-B267-4B33-9DA7-01D44807E70B}.Release|x86.ActiveCfg = Release|Any CPU
		{B61374C7-B267-4B33-9DA7-01D44807E70B}.Release|x86.Build.0 = Release|Any CPU
	EndGlobalSection
	GlobalSection(SolutionProperties) = preSolution
		HideSolutionNode = FALSE
	EndGlobalSection
	GlobalSection(NestedProjects) = preSolution
		{FAAC50D0-A5C3-9EAF-DB00-7CE5583285B4} = {02EA681E-C7D8-13C7-8484-4AC65E1B71E8}
		{56AECE98-8008-4295-A1EA-ED44D147D842} = {BDB666C0-1EC8-4111-A97F-D034F4582B4E}
		{1409C075-A270-4875-9539-678754326AF2} = {A7E4F24A-7627-478B-A512-25D8098052E0}
		{E70219BC-7137-4EED-B5C9-4F630C24B7B6} = {393A49DD-AC67-49FB-8D71-DB6AC21D1BA4}
		{037C3923-F66C-4D0D-9215-9B94912C84A3} = {E70219BC-7137-4EED-B5C9-4F630C24B7B6}
		{8222051B-5E06-4B17-BE38-26E4F3A66CF4} = {393A49DD-AC67-49FB-8D71-DB6AC21D1BA4}
		{AA5FA3F5-D9AD-42B0-B2E9-180D1D2DA899} = {8222051B-5E06-4B17-BE38-26E4F3A66CF4}
		{BCB05586-E11B-452C-9B6B-F33B49891F51} = {393A49DD-AC67-49FB-8D71-DB6AC21D1BA4}
		{DA32C0F3-9A1F-4867-9037-61EEFE0CDA3F} = {BCB05586-E11B-452C-9B6B-F33B49891F51}
		{CE183D7E-8DDF-4B52-8D94-F7E3CC03717F} = {393A49DD-AC67-49FB-8D71-DB6AC21D1BA4}
		{7009FA60-1751-453E-9162-7EEC680C13CC} = {CE183D7E-8DDF-4B52-8D94-F7E3CC03717F}
		{3367768B-5ACD-421D-9BE5-E9114CDD87B4} = {393A49DD-AC67-49FB-8D71-DB6AC21D1BA4}
		{D2A4302B-9B13-422B-8624-72B1327BD090} = {3367768B-5ACD-421D-9BE5-E9114CDD87B4}
		{07E4C7AF-A536-4098-90F7-CD107D6E0375} = {393A49DD-AC67-49FB-8D71-DB6AC21D1BA4}
		{093640B6-24DC-4A1C-98C6-DDED36B1E441} = {07E4C7AF-A536-4098-90F7-CD107D6E0375}
		{E2B3EEBE-FF1C-415B-B331-FD7982AA925F} = {393A49DD-AC67-49FB-8D71-DB6AC21D1BA4}
		{195B992D-BDA9-4A8F-9490-EDFC7E914A8D} = {E2B3EEBE-FF1C-415B-B331-FD7982AA925F}
		{11479921-4392-4A01-A79D-6702B397312A} = {A73F2606-6D4C-3EEE-1759-0E59DCFEF523}
		{D1C34101-43D0-4D79-AAC0-F064A4AE71E4} = {1B0063DC-207C-4FF2-9F6A-902E675D6B64}
		{1B0063DC-207C-4FF2-9F6A-902E675D6B64} = {393A49DD-AC67-49FB-8D71-DB6AC21D1BA4}
		{0C697F60-32B7-4DAB-9D29-D36A36F37D20} = {1AD244E0-696C-4A2A-31B1-1832C4FA60E4}
		{B61374C7-B267-4B33-9DA7-01D44807E70B} = {E7DB0B9C-9F58-4F02-BECA-98FE3FDDC93B}
		{E7DB0B9C-9F58-4F02-BECA-98FE3FDDC93B} = {393A49DD-AC67-49FB-8D71-DB6AC21D1BA4}
	EndGlobalSection
	GlobalSection(ExtensibilityGlobals) = postSolution
		SolutionGuid = {15E47327-2943-49D3-BD74-0F9CFCCC8E1C}
	EndGlobalSection
EndGlobal
